// !$*UTF8*$!
{
	archiveVersion = 1;
	classes = {
	};
	objectVersion = 46;
	objects = {

/* Begin PBXBuildFile section */
		4268847D1A7A3C88008B84E8 /* AppDelegate.swift in Sources */ = {isa = PBXBuildFile; fileRef = 4268847C1A7A3C88008B84E8 /* AppDelegate.swift */; };
		4268847F1A7A3C88008B84E8 /* ViewController.swift in Sources */ = {isa = PBXBuildFile; fileRef = 4268847E1A7A3C88008B84E8 /* ViewController.swift */; };
		426884821A7A3C88008B84E8 /* Main.storyboard in Resources */ = {isa = PBXBuildFile; fileRef = 426884801A7A3C88008B84E8 /* Main.storyboard */; };
		426884841A7A3C88008B84E8 /* Images.xcassets in Resources */ = {isa = PBXBuildFile; fileRef = 426884831A7A3C88008B84E8 /* Images.xcassets */; };
		426884871A7A3C88008B84E8 /* LaunchScreen.xib in Resources */ = {isa = PBXBuildFile; fileRef = 426884851A7A3C88008B84E8 /* LaunchScreen.xib */; };
		426884931A7A3C88008B84E8 /* PostcardTests.swift in Sources */ = {isa = PBXBuildFile; fileRef = 426884921A7A3C88008B84E8 /* PostcardTests.swift */; };
/* End PBXBuildFile section */

/* Begin PBXContainerItemProxy section */
		4268848D1A7A3C88008B84E8 /* PBXContainerItemProxy */ = {
			isa = PBXContainerItemProxy;
			containerPortal = 4268846F1A7A3C88008B84E8 /* Project object */;
			proxyType = 1;
			remoteGlobalIDString = 426884761A7A3C88008B84E8;
			remoteInfo = Postcard;
		};
/* End PBXContainerItemProxy section */

/* Begin PBXFileReference section */
		426884771A7A3C88008B84E8 /* Postcard.app */ = {isa = PBXFileReference; explicitFileType = wrapper.application; includeInIndex = 0; path = Postcard.app; sourceTree = BUILT_PRODUCTS_DIR; };
		4268847B1A7A3C88008B84E8 /* Info.plist */ = {isa = PBXFileReference; lastKnownFileType = text.plist.xml; path = Info.plist; sourceTree = "<group>"; };
		4268847C1A7A3C88008B84E8 /* AppDelegate.swift */ = {isa = PBXFileReference; lastKnownFileType = sourcecode.swift; path = AppDelegate.swift; sourceTree = "<group>"; };
		4268847E1A7A3C88008B84E8 /* ViewController.swift */ = {isa = PBXFileReference; lastKnownFileType = sourcecode.swift; path = ViewController.swift; sourceTree = "<group>"; };
		426884811A7A3C88008B84E8 /* Base */ = {isa = PBXFileReference; lastKnownFileType = file.storyboard; name = Base; path = Base.lproj/Main.storyboard; sourceTree = "<group>"; };
		426884831A7A3C88008B84E8 /* Images.xcassets */ = {isa = PBXFileReference; lastKnownFileType = folder.assetcatalog; path = Images.xcassets; sourceTree = "<group>"; };
		426884861A7A3C88008B84E8 /* Base */ = {isa = PBXFileReference; lastKnownFileType = file.xib; name = Base; path = Base.lproj/LaunchScreen.xib; sourceTree = "<group>"; };
		4268848C1A7A3C88008B84E8 /* PostcardTests.xctest */ = {isa = PBXFileReference; explicitFileType = wrapper.cfbundle; includeInIndex = 0; path = PostcardTests.xctest; sourceTree = BUILT_PRODUCTS_DIR; };
		426884911A7A3C88008B84E8 /* Info.plist */ = {isa = PBXFileReference; lastKnownFileType = text.plist.xml; path = Info.plist; sourceTree = "<group>"; };
		426884921A7A3C88008B84E8 /* PostcardTests.swift */ = {isa = PBXFileReference; lastKnownFileType = sourcecode.swift; path = PostcardTests.swift; sourceTree = "<group>"; };
/* End PBXFileReference section */

/* Begin PBXFrameworksBuildPhase section */
		426884741A7A3C88008B84E8 /* Frameworks */ = {
			isa = PBXFrameworksBuildPhase;
			buildActionMask = 2147483647;
			files = (
			);
			runOnlyForDeploymentPostprocessing = 0;
		};
		426884891A7A3C88008B84E8 /* Frameworks */ = {
			isa = PBXFrameworksBuildPhase;
			buildActionMask = 2147483647;
			files = (
			);
			runOnlyForDeploymentPostprocessing = 0;
		};
/* End PBXFrameworksBuildPhase section */

/* Begin PBXGroup section */
		4268846E1A7A3C88008B84E8 = {
			isa = PBXGroup;
			children = (
				426884791A7A3C88008B84E8 /* Postcard */,
				4268848F1A7A3C88008B84E8 /* PostcardTests */,
				426884781A7A3C88008B84E8 /* Products */,
			);
			sourceTree = "<group>";
		};
		426884781A7A3C88008B84E8 /* Products */ = {
			isa = PBXGroup;
			children = (
				426884771A7A3C88008B84E8 /* Postcard.app */,
				4268848C1A7A3C88008B84E8 /* PostcardTests.xctest */,
			);
			name = Products;
			sourceTree = "<group>";
		};
		426884791A7A3C88008B84E8 /* Postcard */ = {
			isa = PBXGroup;
			children = (
				4268847C1A7A3C88008B84E8 /* AppDelegate.swift */,
				4268847E1A7A3C88008B84E8 /* ViewController.swift */,
				426884801A7A3C88008B84E8 /* Main.storyboard */,
				426884831A7A3C88008B84E8 /* Images.xcassets */,
				426884851A7A3C88008B84E8 /* LaunchScreen.xib */,
				4268847A1A7A3C88008B84E8 /* Supporting Files */,
			);
			path = Postcard;
			sourceTree = "<group>";
		};
		4268847A1A7A3C88008B84E8 /* Supporting Files */ = {
			isa = PBXGroup;
			children = (
				4268847B1A7A3C88008B84E8 /* Info.plist */,
			);
			name = "Supporting Files";
			sourceTree = "<group>";
		};
		4268848F1A7A3C88008B84E8 /* PostcardTests */ = {
			isa = PBXGroup;
			children = (
				426884921A7A3C88008B84E8 /* PostcardTests.swift */,
				426884901A7A3C88008B84E8 /* Supporting Files */,
			);
			path = PostcardTests;
			sourceTree = "<group>";
		};
		426884901A7A3C88008B84E8 /* Supporting Files */ = {
			isa = PBXGroup;
			children = (
				426884911A7A3C88008B84E8 /* Info.plist */,
			);
			name = "Supporting Files";
			sourceTree = "<group>";
		};
/* End PBXGroup section */

/* Begin PBXNativeTarget section */
		426884761A7A3C88008B84E8 /* Postcard */ = {
			isa = PBXNativeTarget;
			buildConfigurationList = 426884961A7A3C88008B84E8 /* Build configuration list for PBXNativeTarget "Postcard" */;
			buildPhases = (
				426884731A7A3C88008B84E8 /* Sources */,
				426884741A7A3C88008B84E8 /* Frameworks */,
				426884751A7A3C88008B84E8 /* Resources */,
			);
			buildRules = (
			);
			dependencies = (
			);
			name = Postcard;
			productName = Postcard;
			productReference = 426884771A7A3C88008B84E8 /* Postcard.app */;
			productType = "com.apple.product-type.application";
		};
		4268848B1A7A3C88008B84E8 /* PostcardTests */ = {
			isa = PBXNativeTarget;
			buildConfigurationList = 426884991A7A3C88008B84E8 /* Build configuration list for PBXNativeTarget "PostcardTests" */;
			buildPhases = (
				426884881A7A3C88008B84E8 /* Sources */,
				426884891A7A3C88008B84E8 /* Frameworks */,
				4268848A1A7A3C88008B84E8 /* Resources */,
			);
			buildRules = (
			);
			dependencies = (
				4268848E1A7A3C88008B84E8 /* PBXTargetDependency */,
			);
			name = PostcardTests;
			productName = PostcardTests;
			productReference = 4268848C1A7A3C88008B84E8 /* PostcardTests.xctest */;
			productType = "com.apple.product-type.bundle.unit-test";
		};
/* End PBXNativeTarget section */

/* Begin PBXProject section */
		4268846F1A7A3C88008B84E8 /* Project object */ = {
			isa = PBXProject;
			attributes = {
				LastUpgradeCheck = 0610;
				ORGANIZATIONNAME = "TLAD Solutions";
				TargetAttributes = {
					426884761A7A3C88008B84E8 = {
						CreatedOnToolsVersion = 6.1.1;
					};
					4268848B1A7A3C88008B84E8 = {
						CreatedOnToolsVersion = 6.1.1;
						TestTargetID = 426884761A7A3C88008B84E8;
					};
				};
			};
			buildConfigurationList = 426884721A7A3C88008B84E8 /* Build configuration list for PBXProject "Postcard" */;
			compatibilityVersion = "Xcode 3.2";
			developmentRegion = English;
			hasScannedForEncodings = 0;
			knownRegions = (
				en,
				Base,
			);
			mainGroup = 4268846E1A7A3C88008B84E8;
			productRefGroup = 426884781A7A3C88008B84E8 /* Products */;
			projectDirPath = "";
			projectRoot = "";
			targets = (
				426884761A7A3C88008B84E8 /* Postcard */,
				4268848B1A7A3C88008B84E8 /* PostcardTests */,
			);
		};
/* End PBXProject section */

/* Begin PBXResourcesBuildPhase section */
		426884751A7A3C88008B84E8 /* Resources */ = {
			isa = PBXResourcesBuildPhase;
			buildActionMask = 2147483647;
			files = (
				426884821A7A3C88008B84E8 /* Main.storyboard in Resources */,
				426884871A7A3C88008B84E8 /* LaunchScreen.xib in Resources */,
				426884841A7A3C88008B84E8 /* Images.xcassets in Resources */,
			);
			runOnlyForDeploymentPostprocessing = 0;
		};
		4268848A1A7A3C88008B84E8 /* Resources */ = {
			isa = PBXResourcesBuildPhase;
			buildActionMask = 2147483647;
			files = (
			);
			runOnlyForDeploymentPostprocessing = 0;
		};
/* End PBXResourcesBuildPhase section */

/* Begin PBXSourcesBuildPhase section */
		426884731A7A3C88008B84E8 /* Sources */ = {
			isa = PBXSourcesBuildPhase;
			buildActionMask = 2147483647;
			files = (
				4268847F1A7A3C88008B84E8 /* ViewController.swift in Sources */,
				4268847D1A7A3C88008B84E8 /* AppDelegate.swift in Sources */,
			);
			runOnlyForDeploymentPostprocessing = 0;
		};
		426884881A7A3C88008B84E8 /* Sources */ = {
			isa = PBXSourcesBuildPhase;
			buildActionMask = 2147483647;
			files = (
				426884931A7A3C88008B84E8 /* PostcardTests.swift in Sources */,
			);
			runOnlyForDeploymentPostprocessing = 0;
		};
/* End PBXSourcesBuildPhase section */

/* Begin PBXTargetDependency section */
		4268848E1A7A3C88008B84E8 /* PBXTargetDependency */ = {
			isa = PBXTargetDependency;
			target = 426884761A7A3C88008B84E8 /* Postcard */;
			targetProxy = 4268848D1A7A3C88008B84E8 /* PBXContainerItemProxy */;
		};
/* End PBXTargetDependency section */

/* Begin PBXVariantGroup section */
		426884801A7A3C88008B84E8 /* Main.storyboard */ = {
			isa = PBXVariantGroup;
			children = (
				426884811A7A3C88008B84E8 /* Base */,
			);
			name = Main.storyboard;
			sourceTree = "<group>";
		};
		426884851A7A3C88008B84E8 /* LaunchScreen.xib */ = {
			isa = PBXVariantGroup;
			children = (
				426884861A7A3C88008B84E8 /* Base */,
			);
			name = LaunchScreen.xib;
			sourceTree = "<group>";
		};
/* End PBXVariantGroup section */

/* Begin XCBuildConfiguration section */
		426884941A7A3C88008B84E8 /* Debug */ = {
			isa = XCBuildConfiguration;
			buildSettings = {
				ALWAYS_SEARCH_USER_PATHS = NO;
				CLANG_CXX_LANGUAGE_STANDARD = "gnu++0x";
				CLANG_CXX_LIBRARY = "libc++";
				CLANG_ENABLE_MODULES = YES;
				CLANG_ENABLE_OBJC_ARC = YES;
				CLANG_WARN_BOOL_CONVERSION = YES;
				CLANG_WARN_CONSTANT_CONVERSION = YES;
				CLANG_WARN_DIRECT_OBJC_ISA_USAGE = YES_ERROR;
				CLANG_WARN_EMPTY_BODY = YES;
				CLANG_WARN_ENUM_CONVERSION = YES;
				CLANG_WARN_INT_CONVERSION = YES;
				CLANG_WARN_OBJC_ROOT_CLASS = YES_ERROR;
				CLANG_WARN_UNREACHABLE_CODE = YES;
				CLANG_WARN__DUPLICATE_METHOD_MATCH = YES;
				"CODE_SIGN_IDENTITY[sdk=iphoneos*]" = "iPhone Developer";
				COPY_PHASE_STRIP = NO;
				ENABLE_STRICT_OBJC_MSGSEND = YES;
				GCC_C_LANGUAGE_STANDARD = gnu99;
				GCC_DYNAMIC_NO_PIC = NO;
				GCC_OPTIMIZATION_LEVEL = 0;
				GCC_PREPROCESSOR_DEFINITIONS = (
					"DEBUG=1",
					"$(inherited)",
				);
				GCC_SYMBOLS_PRIVATE_EXTERN = NO;
				GCC_WARN_64_TO_32_BIT_CONVERSION = YES;
				GCC_WARN_ABOUT_RETURN_TYPE = YES_ERROR;
				GCC_WARN_UNDECLARED_SELECTOR = YES;
				GCC_WARN_UNINITIALIZED_AUTOS = YES_AGGRESSIVE;
				GCC_WARN_UNUSED_FUNCTION = YES;
				GCC_WARN_UNUSED_VARIABLE = YES;
				IPHONEOS_DEPLOYMENT_TARGET = 8.1;
				MTL_ENABLE_DEBUG_INFO = YES;
				ONLY_ACTIVE_ARCH = YES;
				SDKROOT = iphoneos;
				SWIFT_OPTIMIZATION_LEVEL = "-Onone";
				TARGETED_DEVICE_FAMILY = "1,2";
			};
			name = Debug;
		};
		426884951A7A3C88008B84E8 /* Release */ = {
			isa = XCBuildConfiguration;
			buildSettings = {
				ALWAYS_SEARCH_USER_PATHS = NO;
				CLANG_CXX_LANGUAGE_STANDARD = "gnu++0x";
				CLANG_CXX_LIBRARY = "libc++";
				CLANG_ENABLE_MODULES = YES;
				CLANG_ENABLE_OBJC_ARC = YES;
				CLANG_WARN_BOOL_CONVERSION = YES;
				CLANG_WARN_CONSTANT_CONVERSION = YES;
				CLANG_WARN_DIRECT_OBJC_ISA_USAGE = YES_ERROR;
				CLANG_WARN_EMPTY_BODY = YES;
				CLANG_WARN_ENUM_CONVERSION = YES;
				CLANG_WARN_INT_CONVERSION = YES;
				CLANG_WARN_OBJC_ROOT_CLASS = YES_ERROR;
				CLANG_WARN_UNREACHABLE_CODE = YES;
				CLANG_WARN__DUPLICATE_METHOD_MATCH = YES;
				"CODE_SIGN_IDENTITY[sdk=iphoneos*]" = "iPhone Developer";
				COPY_PHASE_STRIP = YES;
				ENABLE_NS_ASSERTIONS = NO;
				ENABLE_STRICT_OBJC_MSGSEND = YES;
				GCC_C_LANGUAGE_STANDARD = gnu99;
				GCC_WARN_64_TO_32_BIT_CONVERSION = YES;
				GCC_WARN_ABOUT_RETURN_TYPE = YES_ERROR;
				GCC_WARN_UNDECLARED_SELECTOR = YES;
				GCC_WARN_UNINITIALIZED_AUTOS = YES_AGGRESSIVE;
				GCC_WARN_UNUSED_FUNCTION = YES;
				GCC_WARN_UNUSED_VARIABLE = YES;
				IPHONEOS_DEPLOYMENT_TARGET = 8.1;
				MTL_ENABLE_DEBUG_INFO = NO;
				SDKROOT = iphoneos;
				TARGETED_DEVICE_FAMILY = "1,2";
				VALIDATE_PRODUCT = YES;
			};
			name = Release;
		};
		426884971A7A3C88008B84E8 /* Debug */ = {
			isa = XCBuildConfiguration;
			buildSettings = {
				ASSETCATALOG_COMPILER_APPICON_NAME = AppIcon;
				INFOPLIST_FILE = Postcard/Info.plist;
				LD_RUNPATH_SEARCH_PATHS = "$(inherited) @executable_path/Frameworks";
				PRODUCT_NAME = "$(TARGET_NAME)";
			};
			name = Debug;
		};
		426884981A7A3C88008B84E8 /* Release */ = {
			isa = XCBuildConfiguration;
			buildSettings = {
				ASSETCATALOG_COMPILER_APPICON_NAME = AppIcon;
				INFOPLIST_FILE = Postcard/Info.plist;
				LD_RUNPATH_SEARCH_PATHS = "$(inherited) @executable_path/Frameworks";
				PRODUCT_NAME = "$(TARGET_NAME)";
			};
			name = Release;
		};
		4268849A1A7A3C88008B84E8 /* Debug */ = {
			isa = XCBuildConfiguration;
			buildSettings = {
				BUNDLE_LOADER = "$(TEST_HOST)";
				FRAMEWORK_SEARCH_PATHS = (
					"$(SDKROOT)/Developer/Library/Frameworks",
					"$(inherited)",
				);
				GCC_PREPROCESSOR_DEFINITIONS = (
					"DEBUG=1",
					"$(inherited)",
				);
				INFOPLIST_FILE = PostcardTests/Info.plist;
				LD_RUNPATH_SEARCH_PATHS = "$(inherited) @executable_path/Frameworks @loader_path/Frameworks";
				PRODUCT_NAME = "$(TARGET_NAME)";
				TEST_HOST = "$(BUILT_PRODUCTS_DIR)/Postcard.app/Postcard";
			};
			name = Debug;
		};
		4268849B1A7A3C88008B84E8 /* Release */ = {
			isa = XCBuildConfiguration;
			buildSettings = {
				BUNDLE_LOADER = "$(TEST_HOST)";
				FRAMEWORK_SEARCH_PATHS = (
					"$(SDKROOT)/Developer/Library/Frameworks",
					"$(inherited)",
				);
				INFOPLIST_FILE = PostcardTests/Info.plist;
				LD_RUNPATH_SEARCH_PATHS = "$(inherited) @executable_path/Frameworks @loader_path/Frameworks";
				PRODUCT_NAME = "$(TARGET_NAME)";
				TEST_HOST = "$(BUILT_PRODUCTS_DIR)/Postcard.app/Postcard";
			};
			name = Release;
		};
/* End XCBuildConfiguration section */

/* Begin XCConfigurationList section */
		426884721A7A3C88008B84E8 /* Build configuration list for PBXProject "Postcard" */ = {
			isa = XCConfigurationList;
			buildConfigurations = (
				426884941A7A3C88008B84E8 /* Debug */,
				426884951A7A3C88008B84E8 /* Release */,
			);
			defaultConfigurationIsVisible = 0;
			defaultConfigurationName = Release;
		};
		426884961A7A3C88008B84E8 /* Build configuration list for PBXNativeTarget "Postcard" */ = {
			isa = XCConfigurationList;
			buildConfigurations = (
				426884971A7A3C88008B84E8 /* Debug */,
				426884981A7A3C88008B84E8 /* Release */,
			);
			defaultConfigurationIsVisible = 0;
		};
		426884991A7A3C88008B84E8 /* Build configuration list for PBXNativeTarget "PostcardTests" */ = {
			isa = XCConfigurationList;
			buildConfigurations = (
				4268849A1A7A3C88008B84E8 /* Debug */,
				4268849B1A7A3C88008B84E8 /* Release */,
			);
			defaultConfigurationIsVisible = 0;
		};
/* End XCConfigurationList section */
	};
	rootObject = 4268846F1A7A3C88008B84E8 /* Project object */;
}
